
Microsoft Visual Studio Solution File, Format Version 12.00
# Visual Studio 15
VisualStudioVersion = 15.0.26430.16
MinimumVisualStudioVersion = 10.0.40219.1
Project("{FAE04EC0-301F-11D3-BF4B-00C04F79EFBC}") = "DryLib.Sql", "DryLib.Sql\DryLib.Sql.csproj", "{0CC28EBE-606A-4647-A89F-C09CAE6851A7}"
EndProject
Project("{FAE04EC0-301F-11D3-BF4B-00C04F79EFBC}") = "DryLib.Sql.xUnitTests", "DryLib.Sql.xUnitTests\DryLib.Sql.xUnitTests.csproj", "{573488E1-5E45-4A23-B9E5-776C7FEF8B4B}"
EndProject
Global
	GlobalSection(SolutionConfigurationPlatforms) = preSolution
		Debug|Any CPU = Debug|Any CPU
		Release|Any CPU = Release|Any CPU
	EndGlobalSection
	GlobalSection(ProjectConfigurationPlatforms) = postSolution
		{0CC28EBE-606A-4647-A89F-C09CAE6851A7}.Debug|Any CPU.ActiveCfg = Debug|Any CPU
		{0CC28EBE-606A-4647-A89F-C09CAE6851A7}.Debug|Any CPU.Build.0 = Debug|Any CPU
		{0CC28EBE-606A-4647-A89F-C09CAE6851A7}.Release|Any CPU.ActiveCfg = Release|Any CPU
		{0CC28EBE-606A-4647-A89F-C09CAE6851A7}.Release|Any CPU.Build.0 = Release|Any CPU
		{573488E1-5E45-4A23-B9E5-776C7FEF8B4B}.Debug|Any CPU.ActiveCfg = Debug|Any CPU
		{573488E1-5E45-4A23-B9E5-776C7FEF8B4B}.Debug|Any CPU.Build.0 = Debug|Any CPU
		{573488E1-5E45-4A23-B9E5-776C7FEF8B4B}.Release|Any CPU.ActiveCfg = Release|Any CPU
		{573488E1-5E45-4A23-B9E5-776C7FEF8B4B}.Release|Any CPU.Build.0 = Release|Any CPU
	EndGlobalSection
	GlobalSection(SolutionProperties) = preSolution
		HideSolutionNode = FALSE
	EndGlobalSection
EndGlobal
